
Microsoft Visual Studio Solution File, Format Version 12.00
# Visual Studio Version 17
VisualStudioVersion = 17.0.31903.59
MinimumVisualStudioVersion = 10.0.40219.1
Project("{FAE04EC0-301F-11D3-BF4B-00C04F79EFBC}") = "UseItApp.API", "UseItApp.API\UseItApp.API.csproj", "{FEB84D90-19AC-4395-BAB5-B3490C8B2616}"
EndProject
Project("{FAE04EC0-301F-11D3-BF4B-00C04F79EFBC}") = "UseItApp.Domain", "UseItApp.Domain\UseItApp.Domain.csproj", "{78B26554-6BFF-48DE-916F-FB76824EA1C9}"
EndProject
Project("{FAE04EC0-301F-11D3-BF4B-00C04F79EFBC}") = "UseItApp.Data", "UseItApp.Data\UseItApp.Data.csproj", "{A59FE495-A0F0-46B9-B8A0-F441542E6619}"
EndProject
Project("{FAE04EC0-301F-11D3-BF4B-00C04F79EFBC}") = "UseItApp.Tests", "UseItApp.Tests\UseItApp.Tests.csproj", "{6D6E1CC7-9417-4498-B618-B41D953DBF51}"
EndProject
Global
	GlobalSection(SolutionConfigurationPlatforms) = preSolution
		Debug|Any CPU = Debug|Any CPU
		Release|Any CPU = Release|Any CPU
	EndGlobalSection
	GlobalSection(SolutionProperties) = preSolution
		HideSolutionNode = FALSE
	EndGlobalSection
	GlobalSection(ProjectConfigurationPlatforms) = postSolution
		{FEB84D90-19AC-4395-BAB5-B3490C8B2616}.Debug|Any CPU.ActiveCfg = Debug|Any CPU
		{FEB84D90-19AC-4395-BAB5-B3490C8B2616}.Debug|Any CPU.Build.0 = Debug|Any CPU
		{FEB84D90-19AC-4395-BAB5-B3490C8B2616}.Release|Any CPU.ActiveCfg = Release|Any CPU
		{FEB84D90-19AC-4395-BAB5-B3490C8B2616}.Release|Any CPU.Build.0 = Release|Any CPU
		{78B26554-6BFF-48DE-916F-FB76824EA1C9}.Debug|Any CPU.ActiveCfg = Debug|Any CPU
		{78B26554-6BFF-48DE-916F-FB76824EA1C9}.Debug|Any CPU.Build.0 = Debug|Any CPU
		{78B26554-6BFF-48DE-916F-FB76824EA1C9}.Release|Any CPU.ActiveCfg = Release|Any CPU
		{78B26554-6BFF-48DE-916F-FB76824EA1C9}.Release|Any CPU.Build.0 = Release|Any CPU
		{A59FE495-A0F0-46B9-B8A0-F441542E6619}.Debug|Any CPU.ActiveCfg = Debug|Any CPU
		{A59FE495-A0F0-46B9-B8A0-F441542E6619}.Debug|Any CPU.Build.0 = Debug|Any CPU
		{A59FE495-A0F0-46B9-B8A0-F441542E6619}.Release|Any CPU.ActiveCfg = Release|Any CPU
		{A59FE495-A0F0-46B9-B8A0-F441542E6619}.Release|Any CPU.Build.0 = Release|Any CPU
		{6D6E1CC7-9417-4498-B618-B41D953DBF51}.Debug|Any CPU.ActiveCfg = Debug|Any CPU
		{6D6E1CC7-9417-4498-B618-B41D953DBF51}.Debug|Any CPU.Build.0 = Debug|Any CPU
		{6D6E1CC7-9417-4498-B618-B41D953DBF51}.Release|Any CPU.ActiveCfg = Release|Any CPU
		{6D6E1CC7-9417-4498-B618-B41D953DBF51}.Release|Any CPU.Build.0 = Release|Any CPU
	EndGlobalSection
EndGlobal
